// !$*UTF8*$!
{
	archiveVersion = 1;
	classes = {
	};
	objectVersion = 46;
	objects = {

/* Begin PBXBuildFile section */
		6325779A184BBC8500211E57 /* ContactCollectionViewPromptCell.m in Sources */ = {isa = PBXBuildFile; fileRef = 63257799184BBC8500211E57 /* ContactCollectionViewPromptCell.m */; };
		6325779D184BFD3000211E57 /* UICollectionViewContactFlowLayout.m in Sources */ = {isa = PBXBuildFile; fileRef = 6325779C184BFD3000211E57 /* UICollectionViewContactFlowLayout.m */; };
		63B41D36183DA31100C4321B /* Foundation.framework in Frameworks */ = {isa = PBXBuildFile; fileRef = 63B41D35183DA31100C4321B /* Foundation.framework */; };
		63B41D38183DA31100C4321B /* CoreGraphics.framework in Frameworks */ = {isa = PBXBuildFile; fileRef = 63B41D37183DA31100C4321B /* CoreGraphics.framework */; };
		63B41D3A183DA31100C4321B /* UIKit.framework in Frameworks */ = {isa = PBXBuildFile; fileRef = 63B41D39183DA31100C4321B /* UIKit.framework */; };
		63B41D40183DA31100C4321B /* InfoPlist.strings in Resources */ = {isa = PBXBuildFile; fileRef = 63B41D3E183DA31100C4321B /* InfoPlist.strings */; };
		63B41D42183DA31100C4321B /* main.m in Sources */ = {isa = PBXBuildFile; fileRef = 63B41D41183DA31100C4321B /* main.m */; };
		63B41D46183DA31100C4321B /* AppDelegate.m in Sources */ = {isa = PBXBuildFile; fileRef = 63B41D45183DA31100C4321B /* AppDelegate.m */; };
		63B41D49183DA31100C4321B /* Main.storyboard in Resources */ = {isa = PBXBuildFile; fileRef = 63B41D47183DA31100C4321B /* Main.storyboard */; };
		63B41D4C183DA31100C4321B /* ViewController.m in Sources */ = {isa = PBXBuildFile; fileRef = 63B41D4B183DA31100C4321B /* ViewController.m */; };
		63B41D4E183DA31100C4321B /* Images.xcassets in Resources */ = {isa = PBXBuildFile; fileRef = 63B41D4D183DA31100C4321B /* Images.xcassets */; };
		63B41D55183DA31200C4321B /* XCTest.framework in Frameworks */ = {isa = PBXBuildFile; fileRef = 63B41D54183DA31200C4321B /* XCTest.framework */; };
		63B41D56183DA31200C4321B /* Foundation.framework in Frameworks */ = {isa = PBXBuildFile; fileRef = 63B41D35183DA31100C4321B /* Foundation.framework */; };
		63B41D57183DA31200C4321B /* UIKit.framework in Frameworks */ = {isa = PBXBuildFile; fileRef = 63B41D39183DA31100C4321B /* UIKit.framework */; };
		63B41D5F183DA31200C4321B /* InfoPlist.strings in Resources */ = {isa = PBXBuildFile; fileRef = 63B41D5D183DA31200C4321B /* InfoPlist.strings */; };
		63B41D61183DA31200C4321B /* MBContactPickerTests.m in Sources */ = {isa = PBXBuildFile; fileRef = 63B41D60183DA31200C4321B /* MBContactPickerTests.m */; };
		63B41D6C183DA4EF00C4321B /* ContactCollectionViewCell.m in Sources */ = {isa = PBXBuildFile; fileRef = 63B41D6B183DA4EF00C4321B /* ContactCollectionViewCell.m */; };
		63B41D6F183DA52F00C4321B /* ContactCollectionViewCellModel.m in Sources */ = {isa = PBXBuildFile; fileRef = 63B41D6E183DA52F00C4321B /* ContactCollectionViewCellModel.m */; };
		63B41D72183DA65700C4321B /* ContactCollectionView.m in Sources */ = {isa = PBXBuildFile; fileRef = 63B41D71183DA65700C4321B /* ContactCollectionView.m */; };
		81AA0B73183E4D1700037C50 /* ContactEntryCollectionViewCell.m in Sources */ = {isa = PBXBuildFile; fileRef = 81AA0B72183E4D1700037C50 /* ContactEntryCollectionViewCell.m */; };
/* End PBXBuildFile section */

/* Begin PBXContainerItemProxy section */
		63B41D58183DA31200C4321B /* PBXContainerItemProxy */ = {
			isa = PBXContainerItemProxy;
			containerPortal = 63B41D2A183DA31100C4321B /* Project object */;
			proxyType = 1;
			remoteGlobalIDString = 63B41D31183DA31100C4321B;
			remoteInfo = MBContactPicker;
		};
/* End PBXContainerItemProxy section */

/* Begin PBXFileReference section */
		63257798184BBC8500211E57 /* ContactCollectionViewPromptCell.h */ = {isa = PBXFileReference; fileEncoding = 4; lastKnownFileType = sourcecode.c.h; path = ContactCollectionViewPromptCell.h; sourceTree = "<group>"; };
		63257799184BBC8500211E57 /* ContactCollectionViewPromptCell.m */ = {isa = PBXFileReference; fileEncoding = 4; lastKnownFileType = sourcecode.c.objc; path = ContactCollectionViewPromptCell.m; sourceTree = "<group>"; };
		6325779B184BFD3000211E57 /* UICollectionViewContactFlowLayout.h */ = {isa = PBXFileReference; fileEncoding = 4; lastKnownFileType = sourcecode.c.h; path = UICollectionViewContactFlowLayout.h; sourceTree = "<group>"; };
		6325779C184BFD3000211E57 /* UICollectionViewContactFlowLayout.m */ = {isa = PBXFileReference; fileEncoding = 4; lastKnownFileType = sourcecode.c.objc; path = UICollectionViewContactFlowLayout.m; sourceTree = "<group>"; };
		63B41D32183DA31100C4321B /* MBContactPicker.app */ = {isa = PBXFileReference; explicitFileType = wrapper.application; includeInIndex = 0; path = MBContactPicker.app; sourceTree = BUILT_PRODUCTS_DIR; };
		63B41D35183DA31100C4321B /* Foundation.framework */ = {isa = PBXFileReference; lastKnownFileType = wrapper.framework; name = Foundation.framework; path = System/Library/Frameworks/Foundation.framework; sourceTree = SDKROOT; };
		63B41D37183DA31100C4321B /* CoreGraphics.framework */ = {isa = PBXFileReference; lastKnownFileType = wrapper.framework; name = CoreGraphics.framework; path = System/Library/Frameworks/CoreGraphics.framework; sourceTree = SDKROOT; };
		63B41D39183DA31100C4321B /* UIKit.framework */ = {isa = PBXFileReference; lastKnownFileType = wrapper.framework; name = UIKit.framework; path = System/Library/Frameworks/UIKit.framework; sourceTree = SDKROOT; };
		63B41D3D183DA31100C4321B /* MBContactPicker-Info.plist */ = {isa = PBXFileReference; lastKnownFileType = text.plist.xml; path = "MBContactPicker-Info.plist"; sourceTree = "<group>"; };
		63B41D3F183DA31100C4321B /* en */ = {isa = PBXFileReference; lastKnownFileType = text.plist.strings; name = en; path = en.lproj/InfoPlist.strings; sourceTree = "<group>"; };
		63B41D41183DA31100C4321B /* main.m */ = {isa = PBXFileReference; lastKnownFileType = sourcecode.c.objc; path = main.m; sourceTree = "<group>"; };
		63B41D43183DA31100C4321B /* MBContactPicker-Prefix.pch */ = {isa = PBXFileReference; lastKnownFileType = sourcecode.c.h; path = "MBContactPicker-Prefix.pch"; sourceTree = "<group>"; };
		63B41D44183DA31100C4321B /* AppDelegate.h */ = {isa = PBXFileReference; lastKnownFileType = sourcecode.c.h; path = AppDelegate.h; sourceTree = "<group>"; };
		63B41D45183DA31100C4321B /* AppDelegate.m */ = {isa = PBXFileReference; lastKnownFileType = sourcecode.c.objc; path = AppDelegate.m; sourceTree = "<group>"; };
		63B41D48183DA31100C4321B /* Base */ = {isa = PBXFileReference; lastKnownFileType = file.storyboard; name = Base; path = Base.lproj/Main.storyboard; sourceTree = "<group>"; };
		63B41D4A183DA31100C4321B /* ViewController.h */ = {isa = PBXFileReference; lastKnownFileType = sourcecode.c.h; path = ViewController.h; sourceTree = "<group>"; };
		63B41D4B183DA31100C4321B /* ViewController.m */ = {isa = PBXFileReference; lastKnownFileType = sourcecode.c.objc; path = ViewController.m; sourceTree = "<group>"; };
		63B41D4D183DA31100C4321B /* Images.xcassets */ = {isa = PBXFileReference; lastKnownFileType = folder.assetcatalog; path = Images.xcassets; sourceTree = "<group>"; };
		63B41D53183DA31200C4321B /* MBContactPickerTests.xctest */ = {isa = PBXFileReference; explicitFileType = wrapper.cfbundle; includeInIndex = 0; path = MBContactPickerTests.xctest; sourceTree = BUILT_PRODUCTS_DIR; };
		63B41D54183DA31200C4321B /* XCTest.framework */ = {isa = PBXFileReference; lastKnownFileType = wrapper.framework; name = XCTest.framework; path = Library/Frameworks/XCTest.framework; sourceTree = DEVELOPER_DIR; };
		63B41D5C183DA31200C4321B /* MBContactPickerTests-Info.plist */ = {isa = PBXFileReference; lastKnownFileType = text.plist.xml; path = "MBContactPickerTests-Info.plist"; sourceTree = "<group>"; };
		63B41D5E183DA31200C4321B /* en */ = {isa = PBXFileReference; lastKnownFileType = text.plist.strings; name = en; path = en.lproj/InfoPlist.strings; sourceTree = "<group>"; };
		63B41D60183DA31200C4321B /* MBContactPickerTests.m */ = {isa = PBXFileReference; lastKnownFileType = sourcecode.c.objc; path = MBContactPickerTests.m; sourceTree = "<group>"; };
		63B41D6A183DA4EF00C4321B /* ContactCollectionViewCell.h */ = {isa = PBXFileReference; fileEncoding = 4; lastKnownFileType = sourcecode.c.h; path = ContactCollectionViewCell.h; sourceTree = "<group>"; };
		63B41D6B183DA4EF00C4321B /* ContactCollectionViewCell.m */ = {isa = PBXFileReference; fileEncoding = 4; lastKnownFileType = sourcecode.c.objc; path = ContactCollectionViewCell.m; sourceTree = "<group>"; };
		63B41D6D183DA52F00C4321B /* ContactCollectionViewCellModel.h */ = {isa = PBXFileReference; fileEncoding = 4; lastKnownFileType = sourcecode.c.h; path = ContactCollectionViewCellModel.h; sourceTree = "<group>"; };
		63B41D6E183DA52F00C4321B /* ContactCollectionViewCellModel.m */ = {isa = PBXFileReference; fileEncoding = 4; lastKnownFileType = sourcecode.c.objc; path = ContactCollectionViewCellModel.m; sourceTree = "<group>"; };
		63B41D70183DA65700C4321B /* ContactCollectionView.h */ = {isa = PBXFileReference; fileEncoding = 4; lastKnownFileType = sourcecode.c.h; path = ContactCollectionView.h; sourceTree = "<group>"; };
		63B41D71183DA65700C4321B /* ContactCollectionView.m */ = {isa = PBXFileReference; fileEncoding = 4; lastKnownFileType = sourcecode.c.objc; path = ContactCollectionView.m; sourceTree = "<group>"; };
		81AA0B71183E4D1700037C50 /* ContactEntryCollectionViewCell.h */ = {isa = PBXFileReference; fileEncoding = 4; lastKnownFileType = sourcecode.c.h; path = ContactEntryCollectionViewCell.h; sourceTree = "<group>"; };
		81AA0B72183E4D1700037C50 /* ContactEntryCollectionViewCell.m */ = {isa = PBXFileReference; fileEncoding = 4; lastKnownFileType = sourcecode.c.objc; path = ContactEntryCollectionViewCell.m; sourceTree = "<group>"; };
/* End PBXFileReference section */

/* Begin PBXFrameworksBuildPhase section */
		63B41D2F183DA31100C4321B /* Frameworks */ = {
			isa = PBXFrameworksBuildPhase;
			buildActionMask = 2147483647;
			files = (
				63B41D38183DA31100C4321B /* CoreGraphics.framework in Frameworks */,
				63B41D3A183DA31100C4321B /* UIKit.framework in Frameworks */,
				63B41D36183DA31100C4321B /* Foundation.framework in Frameworks */,
			);
			runOnlyForDeploymentPostprocessing = 0;
		};
		63B41D50183DA31200C4321B /* Frameworks */ = {
			isa = PBXFrameworksBuildPhase;
			buildActionMask = 2147483647;
			files = (
				63B41D55183DA31200C4321B /* XCTest.framework in Frameworks */,
				63B41D57183DA31200C4321B /* UIKit.framework in Frameworks */,
				63B41D56183DA31200C4321B /* Foundation.framework in Frameworks */,
			);
			runOnlyForDeploymentPostprocessing = 0;
		};
/* End PBXFrameworksBuildPhase section */

/* Begin PBXGroup section */
		63B41D29183DA31100C4321B = {
			isa = PBXGroup;
			children = (
				63B41D3B183DA31100C4321B /* MBContactPicker */,
				63B41D5A183DA31200C4321B /* MBContactPickerTests */,
				63B41D34183DA31100C4321B /* Frameworks */,
				63B41D33183DA31100C4321B /* Products */,
			);
			sourceTree = "<group>";
		};
		63B41D33183DA31100C4321B /* Products */ = {
			isa = PBXGroup;
			children = (
				63B41D32183DA31100C4321B /* MBContactPicker.app */,
				63B41D53183DA31200C4321B /* MBContactPickerTests.xctest */,
			);
			name = Products;
			sourceTree = "<group>";
		};
		63B41D34183DA31100C4321B /* Frameworks */ = {
			isa = PBXGroup;
			children = (
				63B41D35183DA31100C4321B /* Foundation.framework */,
				63B41D37183DA31100C4321B /* CoreGraphics.framework */,
				63B41D39183DA31100C4321B /* UIKit.framework */,
				63B41D54183DA31200C4321B /* XCTest.framework */,
			);
			name = Frameworks;
			sourceTree = "<group>";
		};
		63B41D3B183DA31100C4321B /* MBContactPicker */ = {
			isa = PBXGroup;
			children = (
				63B41D44183DA31100C4321B /* AppDelegate.h */,
				63B41D45183DA31100C4321B /* AppDelegate.m */,
				63B41D70183DA65700C4321B /* ContactCollectionView.h */,
				63B41D71183DA65700C4321B /* ContactCollectionView.m */,
				63B41D6A183DA4EF00C4321B /* ContactCollectionViewCell.h */,
				63B41D6B183DA4EF00C4321B /* ContactCollectionViewCell.m */,
				63B41D6D183DA52F00C4321B /* ContactCollectionViewCellModel.h */,
				63B41D6E183DA52F00C4321B /* ContactCollectionViewCellModel.m */,
				63257798184BBC8500211E57 /* ContactCollectionViewPromptCell.h */,
				63257799184BBC8500211E57 /* ContactCollectionViewPromptCell.m */,
				81AA0B71183E4D1700037C50 /* ContactEntryCollectionViewCell.h */,
				81AA0B72183E4D1700037C50 /* ContactEntryCollectionViewCell.m */,
				63B41D4D183DA31100C4321B /* Images.xcassets */,
				63B41D47183DA31100C4321B /* Main.storyboard */,
				63B41D3C183DA31100C4321B /* Supporting Files */,
				63B41D4A183DA31100C4321B /* ViewController.h */,
				63B41D4B183DA31100C4321B /* ViewController.m */,
				6325779B184BFD3000211E57 /* UICollectionViewContactFlowLayout.h */,
				6325779C184BFD3000211E57 /* UICollectionViewContactFlowLayout.m */,
			);
			path = MBContactPicker;
			sourceTree = "<group>";
		};
		63B41D3C183DA31100C4321B /* Supporting Files */ = {
			isa = PBXGroup;
			children = (
				63B41D3D183DA31100C4321B /* MBContactPicker-Info.plist */,
				63B41D3E183DA31100C4321B /* InfoPlist.strings */,
				63B41D41183DA31100C4321B /* main.m */,
				63B41D43183DA31100C4321B /* MBContactPicker-Prefix.pch */,
			);
			name = "Supporting Files";
			sourceTree = "<group>";
		};
		63B41D5A183DA31200C4321B /* MBContactPickerTests */ = {
			isa = PBXGroup;
			children = (
				63B41D60183DA31200C4321B /* MBContactPickerTests.m */,
				63B41D5B183DA31200C4321B /* Supporting Files */,
			);
			path = MBContactPickerTests;
			sourceTree = "<group>";
		};
		63B41D5B183DA31200C4321B /* Supporting Files */ = {
			isa = PBXGroup;
			children = (
				63B41D5C183DA31200C4321B /* MBContactPickerTests-Info.plist */,
				63B41D5D183DA31200C4321B /* InfoPlist.strings */,
			);
			name = "Supporting Files";
			sourceTree = "<group>";
		};
/* End PBXGroup section */

/* Begin PBXNativeTarget section */
		63B41D31183DA31100C4321B /* MBContactPicker */ = {
			isa = PBXNativeTarget;
			buildConfigurationList = 63B41D64183DA31200C4321B /* Build configuration list for PBXNativeTarget "MBContactPicker" */;
			buildPhases = (
				63B41D2E183DA31100C4321B /* Sources */,
				63B41D2F183DA31100C4321B /* Frameworks */,
				63B41D30183DA31100C4321B /* Resources */,
			);
			buildRules = (
			);
			dependencies = (
			);
			name = MBContactPicker;
			productName = MBContactPicker;
			productReference = 63B41D32183DA31100C4321B /* MBContactPicker.app */;
			productType = "com.apple.product-type.application";
		};
		63B41D52183DA31200C4321B /* MBContactPickerTests */ = {
			isa = PBXNativeTarget;
			buildConfigurationList = 63B41D67183DA31200C4321B /* Build configuration list for PBXNativeTarget "MBContactPickerTests" */;
			buildPhases = (
				63B41D4F183DA31200C4321B /* Sources */,
				63B41D50183DA31200C4321B /* Frameworks */,
				63B41D51183DA31200C4321B /* Resources */,
			);
			buildRules = (
			);
			dependencies = (
				63B41D59183DA31200C4321B /* PBXTargetDependency */,
			);
			name = MBContactPickerTests;
			productName = MBContactPickerTests;
			productReference = 63B41D53183DA31200C4321B /* MBContactPickerTests.xctest */;
			productType = "com.apple.product-type.bundle.unit-test";
		};
/* End PBXNativeTarget section */

/* Begin PBXProject section */
		63B41D2A183DA31100C4321B /* Project object */ = {
			isa = PBXProject;
			attributes = {
				LastUpgradeCheck = 0500;
				ORGANIZATIONNAME = "Citrrus, LLC";
				TargetAttributes = {
					63B41D52183DA31200C4321B = {
						TestTargetID = 63B41D31183DA31100C4321B;
					};
				};
			};
			buildConfigurationList = 63B41D2D183DA31100C4321B /* Build configuration list for PBXProject "MBContactPicker" */;
			compatibilityVersion = "Xcode 3.2";
			developmentRegion = English;
			hasScannedForEncodings = 0;
			knownRegions = (
				en,
				Base,
			);
			mainGroup = 63B41D29183DA31100C4321B;
			productRefGroup = 63B41D33183DA31100C4321B /* Products */;
			projectDirPath = "";
			projectRoot = "";
			targets = (
				63B41D31183DA31100C4321B /* MBContactPicker */,
				63B41D52183DA31200C4321B /* MBContactPickerTests */,
			);
		};
/* End PBXProject section */

/* Begin PBXResourcesBuildPhase section */
		63B41D30183DA31100C4321B /* Resources */ = {
			isa = PBXResourcesBuildPhase;
			buildActionMask = 2147483647;
			files = (
				63B41D4E183DA31100C4321B /* Images.xcassets in Resources */,
				63B41D40183DA31100C4321B /* InfoPlist.strings in Resources */,
				63B41D49183DA31100C4321B /* Main.storyboard in Resources */,
			);
			runOnlyForDeploymentPostprocessing = 0;
		};
		63B41D51183DA31200C4321B /* Resources */ = {
			isa = PBXResourcesBuildPhase;
			buildActionMask = 2147483647;
			files = (
				63B41D5F183DA31200C4321B /* InfoPlist.strings in Resources */,
			);
			runOnlyForDeploymentPostprocessing = 0;
		};
/* End PBXResourcesBuildPhase section */

/* Begin PBXSourcesBuildPhase section */
		63B41D2E183DA31100C4321B /* Sources */ = {
			isa = PBXSourcesBuildPhase;
			buildActionMask = 2147483647;
			files = (
				63B41D4C183DA31100C4321B /* ViewController.m in Sources */,
				63B41D6C183DA4EF00C4321B /* ContactCollectionViewCell.m in Sources */,
				81AA0B73183E4D1700037C50 /* ContactEntryCollectionViewCell.m in Sources */,
				6325779A184BBC8500211E57 /* ContactCollectionViewPromptCell.m in Sources */,
				63B41D46183DA31100C4321B /* AppDelegate.m in Sources */,
				6325779D184BFD3000211E57 /* UICollectionViewContactFlowLayout.m in Sources */,
				63B41D72183DA65700C4321B /* ContactCollectionView.m in Sources */,
				63B41D6F183DA52F00C4321B /* ContactCollectionViewCellModel.m in Sources */,
				63B41D42183DA31100C4321B /* main.m in Sources */,
			);
			runOnlyForDeploymentPostprocessing = 0;
		};
		63B41D4F183DA31200C4321B /* Sources */ = {
			isa = PBXSourcesBuildPhase;
			buildActionMask = 2147483647;
			files = (
				63B41D61183DA31200C4321B /* MBContactPickerTests.m in Sources */,
			);
			runOnlyForDeploymentPostprocessing = 0;
		};
/* End PBXSourcesBuildPhase section */

/* Begin PBXTargetDependency section */
		63B41D59183DA31200C4321B /* PBXTargetDependency */ = {
			isa = PBXTargetDependency;
			target = 63B41D31183DA31100C4321B /* MBContactPicker */;
			targetProxy = 63B41D58183DA31200C4321B /* PBXContainerItemProxy */;
		};
/* End PBXTargetDependency section */

/* Begin PBXVariantGroup section */
		63B41D3E183DA31100C4321B /* InfoPlist.strings */ = {
			isa = PBXVariantGroup;
			children = (
				63B41D3F183DA31100C4321B /* en */,
			);
			name = InfoPlist.strings;
			sourceTree = "<group>";
		};
		63B41D47183DA31100C4321B /* Main.storyboard */ = {
			isa = PBXVariantGroup;
			children = (
				63B41D48183DA31100C4321B /* Base */,
			);
			name = Main.storyboard;
			sourceTree = "<group>";
		};
		63B41D5D183DA31200C4321B /* InfoPlist.strings */ = {
			isa = PBXVariantGroup;
			children = (
				63B41D5E183DA31200C4321B /* en */,
			);
			name = InfoPlist.strings;
			sourceTree = "<group>";
		};
/* End PBXVariantGroup section */

/* Begin XCBuildConfiguration section */
		63B41D62183DA31200C4321B /* Debug */ = {
			isa = XCBuildConfiguration;
			buildSettings = {
				ALWAYS_SEARCH_USER_PATHS = NO;
				ARCHS = "$(ARCHS_STANDARD_INCLUDING_64_BIT)";
				CLANG_CXX_LANGUAGE_STANDARD = "gnu++0x";
				CLANG_CXX_LIBRARY = "libc++";
				CLANG_ENABLE_MODULES = YES;
				CLANG_ENABLE_OBJC_ARC = YES;
				CLANG_WARN_BOOL_CONVERSION = YES;
				CLANG_WARN_CONSTANT_CONVERSION = YES;
				CLANG_WARN_DIRECT_OBJC_ISA_USAGE = YES_ERROR;
				CLANG_WARN_EMPTY_BODY = YES;
				CLANG_WARN_ENUM_CONVERSION = YES;
				CLANG_WARN_INT_CONVERSION = YES;
				CLANG_WARN_OBJC_ROOT_CLASS = YES_ERROR;
				CLANG_WARN__DUPLICATE_METHOD_MATCH = YES;
				"CODE_SIGN_IDENTITY[sdk=iphoneos*]" = "iPhone Developer";
				COPY_PHASE_STRIP = NO;
				GCC_C_LANGUAGE_STANDARD = gnu99;
				GCC_DYNAMIC_NO_PIC = NO;
				GCC_OPTIMIZATION_LEVEL = 0;
				GCC_PREPROCESSOR_DEFINITIONS = (
					"DEBUG=1",
					"$(inherited)",
				);
				GCC_SYMBOLS_PRIVATE_EXTERN = NO;
				GCC_WARN_64_TO_32_BIT_CONVERSION = YES;
				GCC_WARN_ABOUT_RETURN_TYPE = YES_ERROR;
				GCC_WARN_UNDECLARED_SELECTOR = YES;
				GCC_WARN_UNINITIALIZED_AUTOS = YES;
				GCC_WARN_UNUSED_FUNCTION = YES;
				GCC_WARN_UNUSED_VARIABLE = YES;
				IPHONEOS_DEPLOYMENT_TARGET = 7.0;
				ONLY_ACTIVE_ARCH = YES;
				SDKROOT = iphoneos;
			};
			name = Debug;
		};
		63B41D63183DA31200C4321B /* Release */ = {
			isa = XCBuildConfiguration;
			buildSettings = {
				ALWAYS_SEARCH_USER_PATHS = NO;
				ARCHS = "$(ARCHS_STANDARD_INCLUDING_64_BIT)";
				CLANG_CXX_LANGUAGE_STANDARD = "gnu++0x";
				CLANG_CXX_LIBRARY = "libc++";
				CLANG_ENABLE_MODULES = YES;
				CLANG_ENABLE_OBJC_ARC = YES;
				CLANG_WARN_BOOL_CONVERSION = YES;
				CLANG_WARN_CONSTANT_CONVERSION = YES;
				CLANG_WARN_DIRECT_OBJC_ISA_USAGE = YES_ERROR;
				CLANG_WARN_EMPTY_BODY = YES;
				CLANG_WARN_ENUM_CONVERSION = YES;
				CLANG_WARN_INT_CONVERSION = YES;
				CLANG_WARN_OBJC_ROOT_CLASS = YES_ERROR;
				CLANG_WARN__DUPLICATE_METHOD_MATCH = YES;
				"CODE_SIGN_IDENTITY[sdk=iphoneos*]" = "iPhone Developer";
				COPY_PHASE_STRIP = YES;
				ENABLE_NS_ASSERTIONS = NO;
				GCC_C_LANGUAGE_STANDARD = gnu99;
				GCC_WARN_64_TO_32_BIT_CONVERSION = YES;
				GCC_WARN_ABOUT_RETURN_TYPE = YES_ERROR;
				GCC_WARN_UNDECLARED_SELECTOR = YES;
				GCC_WARN_UNINITIALIZED_AUTOS = YES;
				GCC_WARN_UNUSED_FUNCTION = YES;
				GCC_WARN_UNUSED_VARIABLE = YES;
				IPHONEOS_DEPLOYMENT_TARGET = 7.0;
				SDKROOT = iphoneos;
				VALIDATE_PRODUCT = YES;
			};
			name = Release;
		};
		63B41D65183DA31200C4321B /* Debug */ = {
			isa = XCBuildConfiguration;
			buildSettings = {
				ASSETCATALOG_COMPILER_APPICON_NAME = AppIcon;
				ASSETCATALOG_COMPILER_LAUNCHIMAGE_NAME = LaunchImage;
				GCC_PRECOMPILE_PREFIX_HEADER = YES;
				GCC_PREFIX_HEADER = "MBContactPicker/MBContactPicker-Prefix.pch";
				INFOPLIST_FILE = "MBContactPicker/MBContactPicker-Info.plist";
				PRODUCT_NAME = "$(TARGET_NAME)";
				WRAPPER_EXTENSION = app;
			};
			name = Debug;
		};
		63B41D66183DA31200C4321B /* Release */ = {
			isa = XCBuildConfiguration;
			buildSettings = {
				ASSETCATALOG_COMPILER_APPICON_NAME = AppIcon;
				ASSETCATALOG_COMPILER_LAUNCHIMAGE_NAME = LaunchImage;
				GCC_PRECOMPILE_PREFIX_HEADER = YES;
				GCC_PREFIX_HEADER = "MBContactPicker/MBContactPicker-Prefix.pch";
				INFOPLIST_FILE = "MBContactPicker/MBContactPicker-Info.plist";
				PRODUCT_NAME = "$(TARGET_NAME)";
				WRAPPER_EXTENSION = app;
			};
			name = Release;
		};
		63B41D68183DA31200C4321B /* Debug */ = {
			isa = XCBuildConfiguration;
			buildSettings = {
				ARCHS = "$(ARCHS_STANDARD_INCLUDING_64_BIT)";
				BUNDLE_LOADER = "$(BUILT_PRODUCTS_DIR)/MBContactPicker.app/MBContactPicker";
				FRAMEWORK_SEARCH_PATHS = (
					"$(SDKROOT)/Developer/Library/Frameworks",
					"$(inherited)",
					"$(DEVELOPER_FRAMEWORKS_DIR)",
				);
				GCC_PRECOMPILE_PREFIX_HEADER = YES;
				GCC_PREFIX_HEADER = "MBContactPicker/MBContactPicker-Prefix.pch";
				GCC_PREPROCESSOR_DEFINITIONS = (
					"DEBUG=1",
					"$(inherited)",
				);
				INFOPLIST_FILE = "MBContactPickerTests/MBContactPickerTests-Info.plist";
				PRODUCT_NAME = "$(TARGET_NAME)";
				TEST_HOST = "$(BUNDLE_LOADER)";
				WRAPPER_EXTENSION = xctest;
			};
			name = Debug;
		};
		63B41D69183DA31200C4321B /* Release */ = {
			isa = XCBuildConfiguration;
			buildSettings = {
				ARCHS = "$(ARCHS_STANDARD_INCLUDING_64_BIT)";
				BUNDLE_LOADER = "$(BUILT_PRODUCTS_DIR)/MBContactPicker.app/MBContactPicker";
				FRAMEWORK_SEARCH_PATHS = (
					"$(SDKROOT)/Developer/Library/Frameworks",
					"$(inherited)",
					"$(DEVELOPER_FRAMEWORKS_DIR)",
				);
				GCC_PRECOMPILE_PREFIX_HEADER = YES;
				GCC_PREFIX_HEADER = "MBContactPicker/MBContactPicker-Prefix.pch";
				INFOPLIST_FILE = "MBContactPickerTests/MBContactPickerTests-Info.plist";
				PRODUCT_NAME = "$(TARGET_NAME)";
				TEST_HOST = "$(BUNDLE_LOADER)";
				WRAPPER_EXTENSION = xctest;
			};
			name = Release;
		};
/* End XCBuildConfiguration section */

/* Begin XCConfigurationList section */
		63B41D2D183DA31100C4321B /* Build configuration list for PBXProject "MBContactPicker" */ = {
			isa = XCConfigurationList;
			buildConfigurations = (
				63B41D62183DA31200C4321B /* Debug */,
				63B41D63183DA31200C4321B /* Release */,
			);
			defaultConfigurationIsVisible = 0;
			defaultConfigurationName = Release;
		};
		63B41D64183DA31200C4321B /* Build configuration list for PBXNativeTarget "MBContactPicker" */ = {
			isa = XCConfigurationList;
			buildConfigurations = (
				63B41D65183DA31200C4321B /* Debug */,
				63B41D66183DA31200C4321B /* Release */,
			);
			defaultConfigurationIsVisible = 0;
			defaultConfigurationName = Release;
		};
		63B41D67183DA31200C4321B /* Build configuration list for PBXNativeTarget "MBContactPickerTests" */ = {
			isa = XCConfigurationList;
			buildConfigurations = (
				63B41D68183DA31200C4321B /* Debug */,
				63B41D69183DA31200C4321B /* Release */,
			);
			defaultConfigurationIsVisible = 0;
			defaultConfigurationName = Release;
		};
/* End XCConfigurationList section */
	};
	rootObject = 63B41D2A183DA31100C4321B /* Project object */;
}
